
Microsoft Visual Studio Solution File, Format Version 12.00
# Visual Studio Version 17
VisualStudioVersion = 17.9.34723.18
MinimumVisualStudioVersion = 10.0.40219.1
Project("{FAE04EC0-301F-11D3-BF4B-00C04F79EFBC}") = "ACT1C_CRUD", "ACT1C_CRUD\ACT1C_CRUD.csproj", "{728FE21B-3020-4CBF-9718-9DA681322DF9}"
EndProject
Global
	GlobalSection(SolutionConfigurationPlatforms) = preSolution
		Debug|Any CPU = Debug|Any CPU
		Release|Any CPU = Release|Any CPU
	EndGlobalSection
	GlobalSection(ProjectConfigurationPlatforms) = postSolution
		{728FE21B-3020-4CBF-9718-9DA681322DF9}.Debug|Any CPU.ActiveCfg = Debug|Any CPU
		{728FE21B-3020-4CBF-9718-9DA681322DF9}.Debug|Any CPU.Build.0 = Debug|Any CPU
		{728FE21B-3020-4CBF-9718-9DA681322DF9}.Release|Any CPU.ActiveCfg = Release|Any CPU
		{728FE21B-3020-4CBF-9718-9DA681322DF9}.Release|Any CPU.Build.0 = Release|Any CPU
	EndGlobalSection
	GlobalSection(SolutionProperties) = preSolution
		HideSolutionNode = FALSE
	EndGlobalSection
	GlobalSection(ExtensibilityGlobals) = postSolution
		SolutionGuid = {2C3EBDE5-6E2C-4DBB-8B03-76AC3CF3D6A0}
	EndGlobalSection
EndGlobal
